{
  "name": "sarir-monorepo",
  "lockfileVersion": 3,
  "requires": true,
  "packages": {
    "": {
      "name": "sarir-monorepo",
      "dependencies": {
        "pako": "2.1.0"
      },
      "engines": {
        "node": ">=20.18.0"
      }
    },
    "node_modules/pako": {
      "version": "2.1.0",
      "license": "(MIT AND Zlib)"
    }
  }
}
